
Microsoft Visual Studio Solution File, Format Version 12.00
# Visual Studio Version 17
VisualStudioVersion = 17.7.34302.85
MinimumVisualStudioVersion = 10.0.40219.1
Project("{FAE04EC0-301F-11D3-BF4B-00C04F79EFBC}") = "L45_gladiatorFights", "L45_gladiatorFights.csproj", "{2B096673-DBBE-497F-998C-173DFFAAEB1F}"
EndProject
Global
	GlobalSection(SolutionConfigurationPlatforms) = preSolution
		Debug|Any CPU = Debug|Any CPU
		Release|Any CPU = Release|Any CPU
	EndGlobalSection
	GlobalSection(ProjectConfigurationPlatforms) = postSolution
		{2B096673-DBBE-497F-998C-173DFFAAEB1F}.Debug|Any CPU.ActiveCfg = Debug|Any CPU
		{2B096673-DBBE-497F-998C-173DFFAAEB1F}.Debug|Any CPU.Build.0 = Debug|Any CPU
		{2B096673-DBBE-497F-998C-173DFFAAEB1F}.Release|Any CPU.ActiveCfg = Release|Any CPU
		{2B096673-DBBE-497F-998C-173DFFAAEB1F}.Release|Any CPU.Build.0 = Release|Any CPU
	EndGlobalSection
	GlobalSection(SolutionProperties) = preSolution
		HideSolutionNode = FALSE
	EndGlobalSection
	GlobalSection(ExtensibilityGlobals) = postSolution
		SolutionGuid = {8EE50082-4CDD-4E34-AF84-8EFB77BF1AAB}
	EndGlobalSection
EndGlobal
